
Microsoft Visual Studio Solution File, Format Version 12.00
# Visual Studio 14
VisualStudioVersion = 14.0.25420.1
MinimumVisualStudioVersion = 10.0.40219.1
Project("{FAE04EC0-301F-11D3-BF4B-00C04F79EFBC}") = "ShopCuaQuyen.Common", "ShopCuaQuyen.Common\ShopCuaQuyen.Common.csproj", "{173BA341-6191-4D68-AF40-B89D335C99A6}"
EndProject
Project("{FAE04EC0-301F-11D3-BF4B-00C04F79EFBC}") = "ShopCuaQuyen.Model", "ShopCuaQuyen.Model\ShopCuaQuyen.Model.csproj", "{9B56C31F-74D5-4369-B752-BA41628A72B7}"
EndProject
Project("{FAE04EC0-301F-11D3-BF4B-00C04F79EFBC}") = "ShopCuaQuyen.Data", "ShopCuaQuyen.Data\ShopCuaQuyen.Data.csproj", "{D0F9F678-6CD2-4DEC-8B96-57DFE8C76CD8}"
EndProject
Project("{FAE04EC0-301F-11D3-BF4B-00C04F79EFBC}") = "ShopCuaQuyen.Service", "ShopCuaQuyen.Service\ShopCuaQuyen.Service.csproj", "{9687B095-1838-4A60-B309-391E764F8E57}"
EndProject
Project("{FAE04EC0-301F-11D3-BF4B-00C04F79EFBC}") = "ShopCuaQuyen.UnitTest", "ShopCuaQuyen.UnitTest\ShopCuaQuyen.UnitTest.csproj", "{D986EBEB-C13D-4761-885D-CC26D31F27CD}"
EndProject
Project("{FAE04EC0-301F-11D3-BF4B-00C04F79EFBC}") = "ShopCuaQuyen", "ShopCuaQuyen\ShopCuaQuyen.csproj", "{760CE107-12FF-4A1E-A88B-58CC79F6E42D}"
EndProject
Global
	GlobalSection(SolutionConfigurationPlatforms) = preSolution
		Debug|Any CPU = Debug|Any CPU
		Release|Any CPU = Release|Any CPU
	EndGlobalSection
	GlobalSection(ProjectConfigurationPlatforms) = postSolution
		{173BA341-6191-4D68-AF40-B89D335C99A6}.Debug|Any CPU.ActiveCfg = Debug|Any CPU
		{173BA341-6191-4D68-AF40-B89D335C99A6}.Debug|Any CPU.Build.0 = Debug|Any CPU
		{173BA341-6191-4D68-AF40-B89D335C99A6}.Release|Any CPU.ActiveCfg = Release|Any CPU
		{173BA341-6191-4D68-AF40-B89D335C99A6}.Release|Any CPU.Build.0 = Release|Any CPU
		{9B56C31F-74D5-4369-B752-BA41628A72B7}.Debug|Any CPU.ActiveCfg = Debug|Any CPU
		{9B56C31F-74D5-4369-B752-BA41628A72B7}.Debug|Any CPU.Build.0 = Debug|Any CPU
		{9B56C31F-74D5-4369-B752-BA41628A72B7}.Release|Any CPU.ActiveCfg = Release|Any CPU
		{9B56C31F-74D5-4369-B752-BA41628A72B7}.Release|Any CPU.Build.0 = Release|Any CPU
		{D0F9F678-6CD2-4DEC-8B96-57DFE8C76CD8}.Debug|Any CPU.ActiveCfg = Debug|Any CPU
		{D0F9F678-6CD2-4DEC-8B96-57DFE8C76CD8}.Debug|Any CPU.Build.0 = Debug|Any CPU
		{D0F9F678-6CD2-4DEC-8B96-57DFE8C76CD8}.Release|Any CPU.ActiveCfg = Release|Any CPU
		{D0F9F678-6CD2-4DEC-8B96-57DFE8C76CD8}.Release|Any CPU.Build.0 = Release|Any CPU
		{9687B095-1838-4A60-B309-391E764F8E57}.Debug|Any CPU.ActiveCfg = Debug|Any CPU
		{9687B095-1838-4A60-B309-391E764F8E57}.Debug|Any CPU.Build.0 = Debug|Any CPU
		{9687B095-1838-4A60-B309-391E764F8E57}.Release|Any CPU.ActiveCfg = Release|Any CPU
		{9687B095-1838-4A60-B309-391E764F8E57}.Release|Any CPU.Build.0 = Release|Any CPU
		{D986EBEB-C13D-4761-885D-CC26D31F27CD}.Debug|Any CPU.ActiveCfg = Debug|Any CPU
		{D986EBEB-C13D-4761-885D-CC26D31F27CD}.Debug|Any CPU.Build.0 = Debug|Any CPU
		{D986EBEB-C13D-4761-885D-CC26D31F27CD}.Release|Any CPU.ActiveCfg = Release|Any CPU
		{D986EBEB-C13D-4761-885D-CC26D31F27CD}.Release|Any CPU.Build.0 = Release|Any CPU
		{760CE107-12FF-4A1E-A88B-58CC79F6E42D}.Debug|Any CPU.ActiveCfg = Debug|Any CPU
		{760CE107-12FF-4A1E-A88B-58CC79F6E42D}.Debug|Any CPU.Build.0 = Debug|Any CPU
		{760CE107-12FF-4A1E-A88B-58CC79F6E42D}.Release|Any CPU.ActiveCfg = Release|Any CPU
		{760CE107-12FF-4A1E-A88B-58CC79F6E42D}.Release|Any CPU.Build.0 = Release|Any CPU
	EndGlobalSection
	GlobalSection(SolutionProperties) = preSolution
		HideSolutionNode = FALSE
	EndGlobalSection
EndGlobal
